// !$*UTF8*$!
{
	archiveVersion = 1;
	classes = {
	};
	objectVersion = 50;
	objects = {

/* Begin PBXBuildFile section */
		E518978924FA4D380001DD7E /* RabbitTests.swift in Sources */ = {isa = PBXBuildFile; fileRef = E518978824FA4D380001DD7E /* RabbitTests.swift */; };
		E518978B24FA4D380001DD7E /* Rabbit.framework in Frameworks */ = {isa = PBXBuildFile; fileRef = E52F9D3F24F21D2F00D8096D /* Rabbit.framework */; };
		E52F9D4324F21D2F00D8096D /* Rabbit.h in Headers */ = {isa = PBXBuildFile; fileRef = E52F9D4124F21D2F00D8096D /* Rabbit.h */; settings = {ATTRIBUTES = (Public, ); }; };
		E52F9D4624F21D2F00D8096D /* Rabbit.framework in Frameworks */ = {isa = PBXBuildFile; fileRef = E52F9D3F24F21D2F00D8096D /* Rabbit.framework */; };
		E52F9D4724F21D2F00D8096D /* Rabbit.framework in Embed Frameworks */ = {isa = PBXBuildFile; fileRef = E52F9D3F24F21D2F00D8096D /* Rabbit.framework */; settings = {ATTRIBUTES = (CodeSignOnCopy, RemoveHeadersOnCopy, ); }; };
		E52F9D4C24F21D4200D8096D /* Rabbit.swift in Sources */ = {isa = PBXBuildFile; fileRef = F47D66862398CC56009BA0EA /* Rabbit.swift */; };
		F4FBF52E238D4FB400CAD9F3 /* AppDelegate.swift in Sources */ = {isa = PBXBuildFile; fileRef = F4FBF52D238D4FB400CAD9F3 /* AppDelegate.swift */; };
		F4FBF530238D4FB400CAD9F3 /* GameScene.sks in Resources */ = {isa = PBXBuildFile; fileRef = F4FBF52F238D4FB400CAD9F3 /* GameScene.sks */; };
		F4FBF532238D4FB400CAD9F3 /* Actions.sks in Resources */ = {isa = PBXBuildFile; fileRef = F4FBF531238D4FB400CAD9F3 /* Actions.sks */; };
		F4FBF534238D4FB400CAD9F3 /* GameScene.swift in Sources */ = {isa = PBXBuildFile; fileRef = F4FBF533238D4FB400CAD9F3 /* GameScene.swift */; };
		F4FBF536238D4FB400CAD9F3 /* GameViewController.swift in Sources */ = {isa = PBXBuildFile; fileRef = F4FBF535238D4FB400CAD9F3 /* GameViewController.swift */; };
		F4FBF539238D4FB400CAD9F3 /* Main.storyboard in Resources */ = {isa = PBXBuildFile; fileRef = F4FBF537238D4FB400CAD9F3 /* Main.storyboard */; };
		F4FBF53B238D4FB500CAD9F3 /* Assets.xcassets in Resources */ = {isa = PBXBuildFile; fileRef = F4FBF53A238D4FB500CAD9F3 /* Assets.xcassets */; };
		F4FBF53E238D4FB500CAD9F3 /* LaunchScreen.storyboard in Resources */ = {isa = PBXBuildFile; fileRef = F4FBF53C238D4FB500CAD9F3 /* LaunchScreen.storyboard */; };
		F4FBF546238D4FD800CAD9F3 /* script.jump in Resources */ = {isa = PBXBuildFile; fileRef = F4FBF545238D4FD800CAD9F3 /* script.jump */; };
/* End PBXBuildFile section */

/* Begin PBXContainerItemProxy section */
		E518978C24FA4D380001DD7E /* PBXContainerItemProxy */ = {
			isa = PBXContainerItemProxy;
			containerPortal = F4FBF522238D4FB400CAD9F3 /* Project object */;
			proxyType = 1;
			remoteGlobalIDString = E52F9D3E24F21D2F00D8096D;
			remoteInfo = Rabbit;
		};
		E518979124FA4DAD0001DD7E /* PBXContainerItemProxy */ = {
			isa = PBXContainerItemProxy;
			containerPortal = F4FBF522238D4FB400CAD9F3 /* Project object */;
			proxyType = 1;
			remoteGlobalIDString = F4FBF529238D4FB400CAD9F3;
			remoteInfo = script1;
		};
		E52F9D4424F21D2F00D8096D /* PBXContainerItemProxy */ = {
			isa = PBXContainerItemProxy;
			containerPortal = F4FBF522238D4FB400CAD9F3 /* Project object */;
			proxyType = 1;
			remoteGlobalIDString = E52F9D3E24F21D2F00D8096D;
			remoteInfo = Rabbit;
		};
/* End PBXContainerItemProxy section */

/* Begin PBXCopyFilesBuildPhase section */
		E52F9D4824F21D2F00D8096D /* Embed Frameworks */ = {
			isa = PBXCopyFilesBuildPhase;
			buildActionMask = 2147483647;
			dstPath = "";
			dstSubfolderSpec = 10;
			files = (
				E52F9D4724F21D2F00D8096D /* Rabbit.framework in Embed Frameworks */,
			);
			name = "Embed Frameworks";
			runOnlyForDeploymentPostprocessing = 0;
		};
/* End PBXCopyFilesBuildPhase section */

/* Begin PBXFileReference section */
		E518978624FA4D380001DD7E /* RabbitTests.xctest */ = {isa = PBXFileReference; explicitFileType = wrapper.cfbundle; includeInIndex = 0; path = RabbitTests.xctest; sourceTree = BUILT_PRODUCTS_DIR; };
		E518978824FA4D380001DD7E /* RabbitTests.swift */ = {isa = PBXFileReference; lastKnownFileType = sourcecode.swift; path = RabbitTests.swift; sourceTree = "<group>"; };
		E518978A24FA4D380001DD7E /* Info.plist */ = {isa = PBXFileReference; lastKnownFileType = text.plist.xml; path = Info.plist; sourceTree = "<group>"; };
		E52F9D3F24F21D2F00D8096D /* Rabbit.framework */ = {isa = PBXFileReference; explicitFileType = wrapper.framework; includeInIndex = 0; path = Rabbit.framework; sourceTree = BUILT_PRODUCTS_DIR; };
		E52F9D4124F21D2F00D8096D /* Rabbit.h */ = {isa = PBXFileReference; lastKnownFileType = sourcecode.c.h; path = Rabbit.h; sourceTree = "<group>"; };
		E52F9D4224F21D2F00D8096D /* Info.plist */ = {isa = PBXFileReference; lastKnownFileType = text.plist.xml; path = Info.plist; sourceTree = "<group>"; };
		F47D66862398CC56009BA0EA /* Rabbit.swift */ = {isa = PBXFileReference; lastKnownFileType = sourcecode.swift; path = Rabbit.swift; sourceTree = "<group>"; };
		F4FBF52A238D4FB400CAD9F3 /* script1.app */ = {isa = PBXFileReference; explicitFileType = wrapper.application; includeInIndex = 0; path = script1.app; sourceTree = BUILT_PRODUCTS_DIR; };
		F4FBF52D238D4FB400CAD9F3 /* AppDelegate.swift */ = {isa = PBXFileReference; lastKnownFileType = sourcecode.swift; path = AppDelegate.swift; sourceTree = "<group>"; };
		F4FBF52F238D4FB400CAD9F3 /* GameScene.sks */ = {isa = PBXFileReference; lastKnownFileType = file.sks; path = GameScene.sks; sourceTree = "<group>"; };
		F4FBF531238D4FB400CAD9F3 /* Actions.sks */ = {isa = PBXFileReference; lastKnownFileType = file.sks; path = Actions.sks; sourceTree = "<group>"; };
		F4FBF533238D4FB400CAD9F3 /* GameScene.swift */ = {isa = PBXFileReference; lastKnownFileType = sourcecode.swift; path = GameScene.swift; sourceTree = "<group>"; };
		F4FBF535238D4FB400CAD9F3 /* GameViewController.swift */ = {isa = PBXFileReference; lastKnownFileType = sourcecode.swift; path = GameViewController.swift; sourceTree = "<group>"; };
		F4FBF538238D4FB400CAD9F3 /* Base */ = {isa = PBXFileReference; lastKnownFileType = file.storyboard; name = Base; path = Base.lproj/Main.storyboard; sourceTree = "<group>"; };
		F4FBF53A238D4FB500CAD9F3 /* Assets.xcassets */ = {isa = PBXFileReference; lastKnownFileType = folder.assetcatalog; path = Assets.xcassets; sourceTree = "<group>"; };
		F4FBF53D238D4FB500CAD9F3 /* Base */ = {isa = PBXFileReference; lastKnownFileType = file.storyboard; name = Base; path = Base.lproj/LaunchScreen.storyboard; sourceTree = "<group>"; };
		F4FBF53F238D4FB500CAD9F3 /* Info.plist */ = {isa = PBXFileReference; lastKnownFileType = text.plist.xml; path = Info.plist; sourceTree = "<group>"; };
		F4FBF545238D4FD800CAD9F3 /* script.jump */ = {isa = PBXFileReference; lastKnownFileType = text; path = script.jump; sourceTree = "<group>"; };
/* End PBXFileReference section */

/* Begin PBXFrameworksBuildPhase section */
		E518978324FA4D380001DD7E /* Frameworks */ = {
			isa = PBXFrameworksBuildPhase;
			buildActionMask = 2147483647;
			files = (
				E518978B24FA4D380001DD7E /* Rabbit.framework in Frameworks */,
			);
			runOnlyForDeploymentPostprocessing = 0;
		};
		E52F9D3C24F21D2F00D8096D /* Frameworks */ = {
			isa = PBXFrameworksBuildPhase;
			buildActionMask = 2147483647;
			files = (
			);
			runOnlyForDeploymentPostprocessing = 0;
		};
		F4FBF527238D4FB400CAD9F3 /* Frameworks */ = {
			isa = PBXFrameworksBuildPhase;
			buildActionMask = 2147483647;
			files = (
				E52F9D4624F21D2F00D8096D /* Rabbit.framework in Frameworks */,
			);
			runOnlyForDeploymentPostprocessing = 0;
		};
/* End PBXFrameworksBuildPhase section */

/* Begin PBXGroup section */
		E518978724FA4D380001DD7E /* RabbitTests */ = {
			isa = PBXGroup;
			children = (
				E518978824FA4D380001DD7E /* RabbitTests.swift */,
				E518978A24FA4D380001DD7E /* Info.plist */,
			);
			path = RabbitTests;
			sourceTree = "<group>";
		};
		E52F9D4024F21D2F00D8096D /* Rabbit */ = {
			isa = PBXGroup;
			children = (
				F47D66862398CC56009BA0EA /* Rabbit.swift */,
				E52F9D4124F21D2F00D8096D /* Rabbit.h */,
				E52F9D4224F21D2F00D8096D /* Info.plist */,
			);
			path = Rabbit;
			sourceTree = "<group>";
		};
		F4FBF521238D4FB400CAD9F3 = {
			isa = PBXGroup;
			children = (
				F4FBF52C238D4FB400CAD9F3 /* script1 */,
				E52F9D4024F21D2F00D8096D /* Rabbit */,
				E518978724FA4D380001DD7E /* RabbitTests */,
				F4FBF52B238D4FB400CAD9F3 /* Products */,
			);
			sourceTree = "<group>";
		};
		F4FBF52B238D4FB400CAD9F3 /* Products */ = {
			isa = PBXGroup;
			children = (
				F4FBF52A238D4FB400CAD9F3 /* script1.app */,
				E52F9D3F24F21D2F00D8096D /* Rabbit.framework */,
				E518978624FA4D380001DD7E /* RabbitTests.xctest */,
			);
			name = Products;
			sourceTree = "<group>";
		};
		F4FBF52C238D4FB400CAD9F3 /* script1 */ = {
			isa = PBXGroup;
			children = (
				F4FBF52D238D4FB400CAD9F3 /* AppDelegate.swift */,
				F4FBF52F238D4FB400CAD9F3 /* GameScene.sks */,
				F4FBF531238D4FB400CAD9F3 /* Actions.sks */,
				F4FBF533238D4FB400CAD9F3 /* GameScene.swift */,
				F4FBF535238D4FB400CAD9F3 /* GameViewController.swift */,
				F4FBF537238D4FB400CAD9F3 /* Main.storyboard */,
				F4FBF53A238D4FB500CAD9F3 /* Assets.xcassets */,
				F4FBF53C238D4FB500CAD9F3 /* LaunchScreen.storyboard */,
				F4FBF53F238D4FB500CAD9F3 /* Info.plist */,
				F4FBF545238D4FD800CAD9F3 /* script.jump */,
			);
			path = script1;
			sourceTree = "<group>";
		};
/* End PBXGroup section */

/* Begin PBXHeadersBuildPhase section */
		E52F9D3A24F21D2F00D8096D /* Headers */ = {
			isa = PBXHeadersBuildPhase;
			buildActionMask = 2147483647;
			files = (
				E52F9D4324F21D2F00D8096D /* Rabbit.h in Headers */,
			);
			runOnlyForDeploymentPostprocessing = 0;
		};
/* End PBXHeadersBuildPhase section */

/* Begin PBXNativeTarget section */
		E518978524FA4D380001DD7E /* RabbitTests */ = {
			isa = PBXNativeTarget;
			buildConfigurationList = E518979024FA4D380001DD7E /* Build configuration list for PBXNativeTarget "RabbitTests" */;
			buildPhases = (
				E518978224FA4D380001DD7E /* Sources */,
				E518978324FA4D380001DD7E /* Frameworks */,
				E518978424FA4D380001DD7E /* Resources */,
			);
			buildRules = (
			);
			dependencies = (
				E518978D24FA4D380001DD7E /* PBXTargetDependency */,
				E518979224FA4DAD0001DD7E /* PBXTargetDependency */,
			);
			name = RabbitTests;
			productName = RabbitTests;
			productReference = E518978624FA4D380001DD7E /* RabbitTests.xctest */;
			productType = "com.apple.product-type.bundle.unit-test";
		};
		E52F9D3E24F21D2F00D8096D /* Rabbit */ = {
			isa = PBXNativeTarget;
			buildConfigurationList = E52F9D4B24F21D2F00D8096D /* Build configuration list for PBXNativeTarget "Rabbit" */;
			buildPhases = (
				E52F9D3A24F21D2F00D8096D /* Headers */,
				E52F9D3B24F21D2F00D8096D /* Sources */,
				E52F9D3C24F21D2F00D8096D /* Frameworks */,
				E52F9D3D24F21D2F00D8096D /* Resources */,
			);
			buildRules = (
			);
			dependencies = (
			);
			name = Rabbit;
			productName = Rabbit;
			productReference = E52F9D3F24F21D2F00D8096D /* Rabbit.framework */;
			productType = "com.apple.product-type.framework";
		};
		F4FBF529238D4FB400CAD9F3 /* script1 */ = {
			isa = PBXNativeTarget;
			buildConfigurationList = F4FBF542238D4FB500CAD9F3 /* Build configuration list for PBXNativeTarget "script1" */;
			buildPhases = (
				F4FBF526238D4FB400CAD9F3 /* Sources */,
				F4FBF527238D4FB400CAD9F3 /* Frameworks */,
				F4FBF528238D4FB400CAD9F3 /* Resources */,
				E52F9D4824F21D2F00D8096D /* Embed Frameworks */,
			);
			buildRules = (
			);
			dependencies = (
				E52F9D4524F21D2F00D8096D /* PBXTargetDependency */,
			);
			name = script1;
			productName = script1;
			productReference = F4FBF52A238D4FB400CAD9F3 /* script1.app */;
			productType = "com.apple.product-type.application";
		};
/* End PBXNativeTarget section */

/* Begin PBXProject section */
		F4FBF522238D4FB400CAD9F3 /* Project object */ = {
			isa = PBXProject;
			attributes = {
				LastSwiftUpdateCheck = 1150;
				LastUpgradeCheck = 1120;
				ORGANIZATIONNAME = "Yoshiki Izumi";
				TargetAttributes = {
					E518978524FA4D380001DD7E = {
						CreatedOnToolsVersion = 11.5;
					};
					E52F9D3E24F21D2F00D8096D = {
						CreatedOnToolsVersion = 11.5;
					};
					F4FBF529238D4FB400CAD9F3 = {
						CreatedOnToolsVersion = 11.2.1;
					};
				};
			};
			buildConfigurationList = F4FBF525238D4FB400CAD9F3 /* Build configuration list for PBXProject "script1" */;
			compatibilityVersion = "Xcode 9.3";
			developmentRegion = en;
			hasScannedForEncodings = 0;
			knownRegions = (
				en,
				Base,
			);
			mainGroup = F4FBF521238D4FB400CAD9F3;
			productRefGroup = F4FBF52B238D4FB400CAD9F3 /* Products */;
			projectDirPath = "";
			projectRoot = "";
			targets = (
				F4FBF529238D4FB400CAD9F3 /* script1 */,
				E52F9D3E24F21D2F00D8096D /* Rabbit */,
				E518978524FA4D380001DD7E /* RabbitTests */,
			);
		};
/* End PBXProject section */

/* Begin PBXResourcesBuildPhase section */
		E518978424FA4D380001DD7E /* Resources */ = {
			isa = PBXResourcesBuildPhase;
			buildActionMask = 2147483647;
			files = (
			);
			runOnlyForDeploymentPostprocessing = 0;
		};
		E52F9D3D24F21D2F00D8096D /* Resources */ = {
			isa = PBXResourcesBuildPhase;
			buildActionMask = 2147483647;
			files = (
			);
			runOnlyForDeploymentPostprocessing = 0;
		};
		F4FBF528238D4FB400CAD9F3 /* Resources */ = {
			isa = PBXResourcesBuildPhase;
			buildActionMask = 2147483647;
			files = (
				F4FBF546238D4FD800CAD9F3 /* script.jump in Resources */,
				F4FBF539238D4FB400CAD9F3 /* Main.storyboard in Resources */,
				F4FBF530238D4FB400CAD9F3 /* GameScene.sks in Resources */,
				F4FBF53B238D4FB500CAD9F3 /* Assets.xcassets in Resources */,
				F4FBF53E238D4FB500CAD9F3 /* LaunchScreen.storyboard in Resources */,
				F4FBF532238D4FB400CAD9F3 /* Actions.sks in Resources */,
			);
			runOnlyForDeploymentPostprocessing = 0;
		};
/* End PBXResourcesBuildPhase section */

/* Begin PBXSourcesBuildPhase section */
		E518978224FA4D380001DD7E /* Sources */ = {
			isa = PBXSourcesBuildPhase;
			buildActionMask = 2147483647;
			files = (
				E518978924FA4D380001DD7E /* RabbitTests.swift in Sources */,
			);
			runOnlyForDeploymentPostprocessing = 0;
		};
		E52F9D3B24F21D2F00D8096D /* Sources */ = {
			isa = PBXSourcesBuildPhase;
			buildActionMask = 2147483647;
			files = (
				E52F9D4C24F21D4200D8096D /* Rabbit.swift in Sources */,
			);
			runOnlyForDeploymentPostprocessing = 0;
		};
		F4FBF526238D4FB400CAD9F3 /* Sources */ = {
			isa = PBXSourcesBuildPhase;
			buildActionMask = 2147483647;
			files = (
				F4FBF534238D4FB400CAD9F3 /* GameScene.swift in Sources */,
				F4FBF536238D4FB400CAD9F3 /* GameViewController.swift in Sources */,
				F4FBF52E238D4FB400CAD9F3 /* AppDelegate.swift in Sources */,
			);
			runOnlyForDeploymentPostprocessing = 0;
		};
/* End PBXSourcesBuildPhase section */

/* Begin PBXTargetDependency section */
		E518978D24FA4D380001DD7E /* PBXTargetDependency */ = {
			isa = PBXTargetDependency;
			target = E52F9D3E24F21D2F00D8096D /* Rabbit */;
			targetProxy = E518978C24FA4D380001DD7E /* PBXContainerItemProxy */;
		};
		E518979224FA4DAD0001DD7E /* PBXTargetDependency */ = {
			isa = PBXTargetDependency;
			target = F4FBF529238D4FB400CAD9F3 /* script1 */;
			targetProxy = E518979124FA4DAD0001DD7E /* PBXContainerItemProxy */;
		};
		E52F9D4524F21D2F00D8096D /* PBXTargetDependency */ = {
			isa = PBXTargetDependency;
			target = E52F9D3E24F21D2F00D8096D /* Rabbit */;
			targetProxy = E52F9D4424F21D2F00D8096D /* PBXContainerItemProxy */;
		};
/* End PBXTargetDependency section */

/* Begin PBXVariantGroup section */
		F4FBF537238D4FB400CAD9F3 /* Main.storyboard */ = {
			isa = PBXVariantGroup;
			children = (
				F4FBF538238D4FB400CAD9F3 /* Base */,
			);
			name = Main.storyboard;
			sourceTree = "<group>";
		};
		F4FBF53C238D4FB500CAD9F3 /* LaunchScreen.storyboard */ = {
			isa = PBXVariantGroup;
			children = (
				F4FBF53D238D4FB500CAD9F3 /* Base */,
			);
			name = LaunchScreen.storyboard;
			sourceTree = "<group>";
		};
/* End PBXVariantGroup section */

/* Begin XCBuildConfiguration section */
		E518978E24FA4D380001DD7E /* Debug */ = {
			isa = XCBuildConfiguration;
			buildSettings = {
				CODE_SIGN_STYLE = Automatic;
				INFOPLIST_FILE = RabbitTests/Info.plist;
				IPHONEOS_DEPLOYMENT_TARGET = 13.5;
				LD_RUNPATH_SEARCH_PATHS = (
					"$(inherited)",
					"@executable_path/Frameworks",
					"@loader_path/Frameworks",
				);
				PRODUCT_BUNDLE_IDENTIFIER = net.akio0911.RabbitTests;
				PRODUCT_NAME = "$(TARGET_NAME)";
				SWIFT_VERSION = 5.0;
				TARGETED_DEVICE_FAMILY = "1,2";
			};
			name = Debug;
		};
		E518978F24FA4D380001DD7E /* Release */ = {
			isa = XCBuildConfiguration;
			buildSettings = {
				CODE_SIGN_STYLE = Automatic;
				INFOPLIST_FILE = RabbitTests/Info.plist;
				IPHONEOS_DEPLOYMENT_TARGET = 13.5;
				LD_RUNPATH_SEARCH_PATHS = (
					"$(inherited)",
					"@executable_path/Frameworks",
					"@loader_path/Frameworks",
				);
				PRODUCT_BUNDLE_IDENTIFIER = net.akio0911.RabbitTests;
				PRODUCT_NAME = "$(TARGET_NAME)";
				SWIFT_VERSION = 5.0;
				TARGETED_DEVICE_FAMILY = "1,2";
			};
			name = Release;
		};
		E52F9D4924F21D2F00D8096D /* Debug */ = {
			isa = XCBuildConfiguration;
			buildSettings = {
				CODE_SIGN_STYLE = Automatic;
				CURRENT_PROJECT_VERSION = 1;
				DEFINES_MODULE = YES;
				DEVELOPMENT_TEAM = ZSHW56Z6F8;
				DYLIB_COMPATIBILITY_VERSION = 1;
				DYLIB_CURRENT_VERSION = 1;
				DYLIB_INSTALL_NAME_BASE = "@rpath";
				INFOPLIST_FILE = Rabbit/Info.plist;
				INSTALL_PATH = "$(LOCAL_LIBRARY_DIR)/Frameworks";
				IPHONEOS_DEPLOYMENT_TARGET = 13.6;
				LD_RUNPATH_SEARCH_PATHS = (
					"$(inherited)",
					"@executable_path/Frameworks",
					"@loader_path/Frameworks",
				);
				MACOSX_DEPLOYMENT_TARGET = 10.15;
				PRODUCT_BUNDLE_IDENTIFIER = net.akio0911.Rabbit;
				PRODUCT_NAME = "$(TARGET_NAME:c99extidentifier)";
				SKIP_INSTALL = YES;
				SWIFT_VERSION = 5.0;
				TARGETED_DEVICE_FAMILY = "1,2";
				VERSIONING_SYSTEM = "apple-generic";
				VERSION_INFO_PREFIX = "";
			};
			name = Debug;
		};
		E52F9D4A24F21D2F00D8096D /* Release */ = {
			isa = XCBuildConfiguration;
			buildSettings = {
				CODE_SIGN_STYLE = Automatic;
				CURRENT_PROJECT_VERSION = 1;
				DEFINES_MODULE = YES;
				DEVELOPMENT_TEAM = ZSHW56Z6F8;
				DYLIB_COMPATIBILITY_VERSION = 1;
				DYLIB_CURRENT_VERSION = 1;
				DYLIB_INSTALL_NAME_BASE = "@rpath";
				INFOPLIST_FILE = Rabbit/Info.plist;
				INSTALL_PATH = "$(LOCAL_LIBRARY_DIR)/Frameworks";
				IPHONEOS_DEPLOYMENT_TARGET = 13.6;
				LD_RUNPATH_SEARCH_PATHS = (
					"$(inherited)",
					"@executable_path/Frameworks",
					"@loader_path/Frameworks",
				);
				MACOSX_DEPLOYMENT_TARGET = 10.15;
				PRODUCT_BUNDLE_IDENTIFIER = net.akio0911.Rabbit;
				PRODUCT_NAME = "$(TARGET_NAME:c99extidentifier)";
				SKIP_INSTALL = YES;
				SWIFT_VERSION = 5.0;
				TARGETED_DEVICE_FAMILY = "1,2";
				VERSIONING_SYSTEM = "apple-generic";
				VERSION_INFO_PREFIX = "";
			};
			name = Release;
		};
		F4FBF540238D4FB500CAD9F3 /* Debug */ = {
			isa = XCBuildConfiguration;
			buildSettings = {
				ALWAYS_SEARCH_USER_PATHS = NO;
				CLANG_ANALYZER_NONNULL = YES;
				CLANG_ANALYZER_NUMBER_OBJECT_CONVERSION = YES_AGGRESSIVE;
				CLANG_CXX_LANGUAGE_STANDARD = "gnu++14";
				CLANG_CXX_LIBRARY = "libc++";
				CLANG_ENABLE_MODULES = YES;
				CLANG_ENABLE_OBJC_ARC = YES;
				CLANG_ENABLE_OBJC_WEAK = YES;
				CLANG_WARN_BLOCK_CAPTURE_AUTORELEASING = YES;
				CLANG_WARN_BOOL_CONVERSION = YES;
				CLANG_WARN_COMMA = YES;
				CLANG_WARN_CONSTANT_CONVERSION = YES;
				CLANG_WARN_DEPRECATED_OBJC_IMPLEMENTATIONS = YES;
				CLANG_WARN_DIRECT_OBJC_ISA_USAGE = YES_ERROR;
				CLANG_WARN_DOCUMENTATION_COMMENTS = YES;
				CLANG_WARN_EMPTY_BODY = YES;
				CLANG_WARN_ENUM_CONVERSION = YES;
				CLANG_WARN_INFINITE_RECURSION = YES;
				CLANG_WARN_INT_CONVERSION = YES;
				CLANG_WARN_NON_LITERAL_NULL_CONVERSION = YES;
				CLANG_WARN_OBJC_IMPLICIT_RETAIN_SELF = YES;
				CLANG_WARN_OBJC_LITERAL_CONVERSION = YES;
				CLANG_WARN_OBJC_ROOT_CLASS = YES_ERROR;
				CLANG_WARN_RANGE_LOOP_ANALYSIS = YES;
				CLANG_WARN_STRICT_PROTOTYPES = YES;
				CLANG_WARN_SUSPICIOUS_MOVE = YES;
				CLANG_WARN_UNGUARDED_AVAILABILITY = YES_AGGRESSIVE;
				CLANG_WARN_UNREACHABLE_CODE = YES;
				CLANG_WARN__DUPLICATE_METHOD_MATCH = YES;
				COPY_PHASE_STRIP = NO;
				DEBUG_INFORMATION_FORMAT = dwarf;
				ENABLE_STRICT_OBJC_MSGSEND = YES;
				ENABLE_TESTABILITY = YES;
				GCC_C_LANGUAGE_STANDARD = gnu11;
				GCC_DYNAMIC_NO_PIC = NO;
				GCC_NO_COMMON_BLOCKS = YES;
				GCC_OPTIMIZATION_LEVEL = 0;
				GCC_PREPROCESSOR_DEFINITIONS = (
					"DEBUG=1",
					"$(inherited)",
				);
				GCC_WARN_64_TO_32_BIT_CONVERSION = YES;
				GCC_WARN_ABOUT_RETURN_TYPE = YES_ERROR;
				GCC_WARN_UNDECLARED_SELECTOR = YES;
				GCC_WARN_UNINITIALIZED_AUTOS = YES_AGGRESSIVE;
				GCC_WARN_UNUSED_FUNCTION = YES;
				GCC_WARN_UNUSED_VARIABLE = YES;
				IPHONEOS_DEPLOYMENT_TARGET = 13.2;
				MACOSX_DEPLOYMENT_TARGET = 10.15;
				MTL_ENABLE_DEBUG_INFO = INCLUDE_SOURCE;
				MTL_FAST_MATH = YES;
				ONLY_ACTIVE_ARCH = YES;
				SDKROOT = iphoneos;
				SWIFT_ACTIVE_COMPILATION_CONDITIONS = DEBUG;
				SWIFT_OPTIMIZATION_LEVEL = "-Onone";
			};
			name = Debug;
		};
		F4FBF541238D4FB500CAD9F3 /* Release */ = {
			isa = XCBuildConfiguration;
			buildSettings = {
				ALWAYS_SEARCH_USER_PATHS = NO;
				CLANG_ANALYZER_NONNULL = YES;
				CLANG_ANALYZER_NUMBER_OBJECT_CONVERSION = YES_AGGRESSIVE;
				CLANG_CXX_LANGUAGE_STANDARD = "gnu++14";
				CLANG_CXX_LIBRARY = "libc++";
				CLANG_ENABLE_MODULES = YES;
				CLANG_ENABLE_OBJC_ARC = YES;
				CLANG_ENABLE_OBJC_WEAK = YES;
				CLANG_WARN_BLOCK_CAPTURE_AUTORELEASING = YES;
				CLANG_WARN_BOOL_CONVERSION = YES;
				CLANG_WARN_COMMA = YES;
				CLANG_WARN_CONSTANT_CONVERSION = YES;
				CLANG_WARN_DEPRECATED_OBJC_IMPLEMENTATIONS = YES;
				CLANG_WARN_DIRECT_OBJC_ISA_USAGE = YES_ERROR;
				CLANG_WARN_DOCUMENTATION_COMMENTS = YES;
				CLANG_WARN_EMPTY_BODY = YES;
				CLANG_WARN_ENUM_CONVERSION = YES;
				CLANG_WARN_INFINITE_RECURSION = YES;
				CLANG_WARN_INT_CONVERSION = YES;
				CLANG_WARN_NON_LITERAL_NULL_CONVERSION = YES;
				CLANG_WARN_OBJC_IMPLICIT_RETAIN_SELF = YES;
				CLANG_WARN_OBJC_LITERAL_CONVERSION = YES;
				CLANG_WARN_OBJC_ROOT_CLASS = YES_ERROR;
				CLANG_WARN_RANGE_LOOP_ANALYSIS = YES;
				CLANG_WARN_STRICT_PROTOTYPES = YES;
				CLANG_WARN_SUSPICIOUS_MOVE = YES;
				CLANG_WARN_UNGUARDED_AVAILABILITY = YES_AGGRESSIVE;
				CLANG_WARN_UNREACHABLE_CODE = YES;
				CLANG_WARN__DUPLICATE_METHOD_MATCH = YES;
				COPY_PHASE_STRIP = NO;
				DEBUG_INFORMATION_FORMAT = "dwarf-with-dsym";
				ENABLE_NS_ASSERTIONS = NO;
				ENABLE_STRICT_OBJC_MSGSEND = YES;
				GCC_C_LANGUAGE_STANDARD = gnu11;
				GCC_NO_COMMON_BLOCKS = YES;
				GCC_WARN_64_TO_32_BIT_CONVERSION = YES;
				GCC_WARN_ABOUT_RETURN_TYPE = YES_ERROR;
				GCC_WARN_UNDECLARED_SELECTOR = YES;
				GCC_WARN_UNINITIALIZED_AUTOS = YES_AGGRESSIVE;
				GCC_WARN_UNUSED_FUNCTION = YES;
				GCC_WARN_UNUSED_VARIABLE = YES;
				IPHONEOS_DEPLOYMENT_TARGET = 13.2;
				MACOSX_DEPLOYMENT_TARGET = 10.15;
				MTL_ENABLE_DEBUG_INFO = NO;
				MTL_FAST_MATH = YES;
				SDKROOT = iphoneos;
				SWIFT_COMPILATION_MODE = wholemodule;
				SWIFT_OPTIMIZATION_LEVEL = "-O";
				VALIDATE_PRODUCT = YES;
			};
			name = Release;
		};
		F4FBF543238D4FB500CAD9F3 /* Debug */ = {
			isa = XCBuildConfiguration;
			buildSettings = {
				ALWAYS_EMBED_SWIFT_STANDARD_LIBRARIES = YES;
				ASSETCATALOG_COMPILER_APPICON_NAME = AppIcon;
				CODE_SIGN_STYLE = Automatic;
				DEVELOPMENT_TEAM = ZSHW56Z6F8;
				INFOPLIST_FILE = script1/Info.plist;
				IPHONEOS_DEPLOYMENT_TARGET = 13.6;
				LD_RUNPATH_SEARCH_PATHS = (
					"$(inherited)",
					"@executable_path/Frameworks",
				);
				MACOSX_DEPLOYMENT_TARGET = 13.0;
				PRODUCT_BUNDLE_IDENTIFIER = "continue-jump.com.script1";
				PRODUCT_NAME = "$(TARGET_NAME)";
				SWIFT_VERSION = 5.0;
				TARGETED_DEVICE_FAMILY = "1,2";
			};
			name = Debug;
		};
		F4FBF544238D4FB500CAD9F3 /* Release */ = {
			isa = XCBuildConfiguration;
			buildSettings = {
				ALWAYS_EMBED_SWIFT_STANDARD_LIBRARIES = YES;
				ASSETCATALOG_COMPILER_APPICON_NAME = AppIcon;
				CODE_SIGN_STYLE = Automatic;
				DEVELOPMENT_TEAM = ZSHW56Z6F8;
				INFOPLIST_FILE = script1/Info.plist;
				IPHONEOS_DEPLOYMENT_TARGET = 13.6;
				LD_RUNPATH_SEARCH_PATHS = (
					"$(inherited)",
					"@executable_path/Frameworks",
				);
				MACOSX_DEPLOYMENT_TARGET = 13.0;
				PRODUCT_BUNDLE_IDENTIFIER = "continue-jump.com.script1";
				PRODUCT_NAME = "$(TARGET_NAME)";
				SWIFT_VERSION = 5.0;
				TARGETED_DEVICE_FAMILY = "1,2";
			};
			name = Release;
		};
/* End XCBuildConfiguration section */

/* Begin XCConfigurationList section */
		E518979024FA4D380001DD7E /* Build configuration list for PBXNativeTarget "RabbitTests" */ = {
			isa = XCConfigurationList;
			buildConfigurations = (
				E518978E24FA4D380001DD7E /* Debug */,
				E518978F24FA4D380001DD7E /* Release */,
			);
			defaultConfigurationIsVisible = 0;
			defaultConfigurationName = Release;
		};
		E52F9D4B24F21D2F00D8096D /* Build configuration list for PBXNativeTarget "Rabbit" */ = {
			isa = XCConfigurationList;
			buildConfigurations = (
				E52F9D4924F21D2F00D8096D /* Debug */,
				E52F9D4A24F21D2F00D8096D /* Release */,
			);
			defaultConfigurationIsVisible = 0;
			defaultConfigurationName = Release;
		};
		F4FBF525238D4FB400CAD9F3 /* Build configuration list for PBXProject "script1" */ = {
			isa = XCConfigurationList;
			buildConfigurations = (
				F4FBF540238D4FB500CAD9F3 /* Debug */,
				F4FBF541238D4FB500CAD9F3 /* Release */,
			);
			defaultConfigurationIsVisible = 0;
			defaultConfigurationName = Release;
		};
		F4FBF542238D4FB500CAD9F3 /* Build configuration list for PBXNativeTarget "script1" */ = {
			isa = XCConfigurationList;
			buildConfigurations = (
				F4FBF543238D4FB500CAD9F3 /* Debug */,
				F4FBF544238D4FB500CAD9F3 /* Release */,
			);
			defaultConfigurationIsVisible = 0;
			defaultConfigurationName = Release;
		};
/* End XCConfigurationList section */
	};
	rootObject = F4FBF522238D4FB400CAD9F3 /* Project object */;
}
